
Microsoft Visual Studio Solution File, Format Version 12.00
Project("{FAE04EC0-301F-11D3-BF4B-00C04F79EFBC}") = "DogRaces.Api", "DogRaces.Api\DogRaces.Api.csproj", "{ADC36751-1836-488A-BA29-93E50586EF8F}"
EndProject
Project("{FAE04EC0-301F-11D3-BF4B-00C04F79EFBC}") = "DogRaces.Domain", "DogRaces.Domain\DogRaces.Domain.csproj", "{C9167B94-87F4-48A0-B0FF-F945E7A0A7C5}"
EndProject
Project("{FAE04EC0-301F-11D3-BF4B-00C04F79EFBC}") = "DogRaces.Application", "DogRaces.Application\DogRaces.Application.csproj", "{4FC2531E-99D0-4BDB-9C25-B3A4721AED47}"
EndProject
Project("{FAE04EC0-301F-11D3-BF4B-00C04F79EFBC}") = "DogRaces.Infrastructure", "DogRaces.Infrastructure\DogRaces.Infrastructure.csproj", "{53C8E02D-C625-422E-9756-1CD94DCEE6F2}"
EndProject
Project("{FAE04EC0-301F-11D3-BF4B-00C04F79EFBC}") = "DogRaces.BackgroundServices", "DogRaces.BackgroundServices\DogRaces.BackgroundServices.csproj", "{148254B9-8BB4-4534-8A43-AC0D5B262A1B}"
EndProject
Project("{2150E333-8FDC-42A3-9474-1A3956D46DE8}") = "Tests", "Tests", "{0AB3BF05-4346-4AA6-1389-037BE0695223}"
EndProject
Project("{2150E333-8FDC-42A3-9474-1A3956D46DE8}") = "IntegrationTests", "IntegrationTests", "{30785934-E017-5D9F-2777-3D61460A5281}"
EndProject
Project("{FAE04EC0-301F-11D3-BF4B-00C04F79EFBC}") = "DogRaces.Api.IntegrationTests", "Tests\IntegrationTests\DogRaces.Api.IntegrationTests\DogRaces.Api.IntegrationTests.csproj", "{4C4CFE8E-E4E4-4B66-889E-D1EC009EE8A0}"
EndProject
Global
	GlobalSection(SolutionConfigurationPlatforms) = preSolution
		Debug|Any CPU = Debug|Any CPU
		Debug|x64 = Debug|x64
		Debug|x86 = Debug|x86
		Release|Any CPU = Release|Any CPU
		Release|x64 = Release|x64
		Release|x86 = Release|x86
	EndGlobalSection
	GlobalSection(ProjectConfigurationPlatforms) = postSolution
		{ADC36751-1836-488A-BA29-93E50586EF8F}.Debug|Any CPU.ActiveCfg = Debug|Any CPU
		{ADC36751-1836-488A-BA29-93E50586EF8F}.Debug|Any CPU.Build.0 = Debug|Any CPU
		{ADC36751-1836-488A-BA29-93E50586EF8F}.Debug|x64.ActiveCfg = Debug|Any CPU
		{ADC36751-1836-488A-BA29-93E50586EF8F}.Debug|x64.Build.0 = Debug|Any CPU
		{ADC36751-1836-488A-BA29-93E50586EF8F}.Debug|x86.ActiveCfg = Debug|Any CPU
		{ADC36751-1836-488A-BA29-93E50586EF8F}.Debug|x86.Build.0 = Debug|Any CPU
		{ADC36751-1836-488A-BA29-93E50586EF8F}.Release|Any CPU.ActiveCfg = Release|Any CPU
		{ADC36751-1836-488A-BA29-93E50586EF8F}.Release|Any CPU.Build.0 = Release|Any CPU
		{ADC36751-1836-488A-BA29-93E50586EF8F}.Release|x64.ActiveCfg = Release|Any CPU
		{ADC36751-1836-488A-BA29-93E50586EF8F}.Release|x64.Build.0 = Release|Any CPU
		{ADC36751-1836-488A-BA29-93E50586EF8F}.Release|x86.ActiveCfg = Release|Any CPU
		{ADC36751-1836-488A-BA29-93E50586EF8F}.Release|x86.Build.0 = Release|Any CPU
		{C9167B94-87F4-48A0-B0FF-F945E7A0A7C5}.Debug|Any CPU.ActiveCfg = Debug|Any CPU
		{C9167B94-87F4-48A0-B0FF-F945E7A0A7C5}.Debug|Any CPU.Build.0 = Debug|Any CPU
		{C9167B94-87F4-48A0-B0FF-F945E7A0A7C5}.Debug|x64.ActiveCfg = Debug|Any CPU
		{C9167B94-87F4-48A0-B0FF-F945E7A0A7C5}.Debug|x64.Build.0 = Debug|Any CPU
		{C9167B94-87F4-48A0-B0FF-F945E7A0A7C5}.Debug|x86.ActiveCfg = Debug|Any CPU
		{C9167B94-87F4-48A0-B0FF-F945E7A0A7C5}.Debug|x86.Build.0 = Debug|Any CPU
		{C9167B94-87F4-48A0-B0FF-F945E7A0A7C5}.Release|Any CPU.ActiveCfg = Release|Any CPU
		{C9167B94-87F4-48A0-B0FF-F945E7A0A7C5}.Release|Any CPU.Build.0 = Release|Any CPU
		{C9167B94-87F4-48A0-B0FF-F945E7A0A7C5}.Release|x64.ActiveCfg = Release|Any CPU
		{C9167B94-87F4-48A0-B0FF-F945E7A0A7C5}.Release|x64.Build.0 = Release|Any CPU
		{C9167B94-87F4-48A0-B0FF-F945E7A0A7C5}.Release|x86.ActiveCfg = Release|Any CPU
		{C9167B94-87F4-48A0-B0FF-F945E7A0A7C5}.Release|x86.Build.0 = Release|Any CPU
		{4FC2531E-99D0-4BDB-9C25-B3A4721AED47}.Debug|Any CPU.ActiveCfg = Debug|Any CPU
		{4FC2531E-99D0-4BDB-9C25-B3A4721AED47}.Debug|Any CPU.Build.0 = Debug|Any CPU
		{4FC2531E-99D0-4BDB-9C25-B3A4721AED47}.Debug|x64.ActiveCfg = Debug|Any CPU
		{4FC2531E-99D0-4BDB-9C25-B3A4721AED47}.Debug|x64.Build.0 = Debug|Any CPU
		{4FC2531E-99D0-4BDB-9C25-B3A4721AED47}.Debug|x86.ActiveCfg = Debug|Any CPU
		{4FC2531E-99D0-4BDB-9C25-B3A4721AED47}.Debug|x86.Build.0 = Debug|Any CPU
		{4FC2531E-99D0-4BDB-9C25-B3A4721AED47}.Release|Any CPU.ActiveCfg = Release|Any CPU
		{4FC2531E-99D0-4BDB-9C25-B3A4721AED47}.Release|Any CPU.Build.0 = Release|Any CPU
		{4FC2531E-99D0-4BDB-9C25-B3A4721AED47}.Release|x64.ActiveCfg = Release|Any CPU
		{4FC2531E-99D0-4BDB-9C25-B3A4721AED47}.Release|x64.Build.0 = Release|Any CPU
		{4FC2531E-99D0-4BDB-9C25-B3A4721AED47}.Release|x86.ActiveCfg = Release|Any CPU
		{4FC2531E-99D0-4BDB-9C25-B3A4721AED47}.Release|x86.Build.0 = Release|Any CPU
		{53C8E02D-C625-422E-9756-1CD94DCEE6F2}.Debug|Any CPU.ActiveCfg = Debug|Any CPU
		{53C8E02D-C625-422E-9756-1CD94DCEE6F2}.Debug|Any CPU.Build.0 = Debug|Any CPU
		{53C8E02D-C625-422E-9756-1CD94DCEE6F2}.Debug|x64.ActiveCfg = Debug|Any CPU
		{53C8E02D-C625-422E-9756-1CD94DCEE6F2}.Debug|x64.Build.0 = Debug|Any CPU
		{53C8E02D-C625-422E-9756-1CD94DCEE6F2}.Debug|x86.ActiveCfg = Debug|Any CPU
		{53C8E02D-C625-422E-9756-1CD94DCEE6F2}.Debug|x86.Build.0 = Debug|Any CPU
		{53C8E02D-C625-422E-9756-1CD94DCEE6F2}.Release|Any CPU.ActiveCfg = Release|Any CPU
		{53C8E02D-C625-422E-9756-1CD94DCEE6F2}.Release|Any CPU.Build.0 = Release|Any CPU
		{53C8E02D-C625-422E-9756-1CD94DCEE6F2}.Release|x64.ActiveCfg = Release|Any CPU
		{53C8E02D-C625-422E-9756-1CD94DCEE6F2}.Release|x64.Build.0 = Release|Any CPU
		{53C8E02D-C625-422E-9756-1CD94DCEE6F2}.Release|x86.ActiveCfg = Release|Any CPU
		{53C8E02D-C625-422E-9756-1CD94DCEE6F2}.Release|x86.Build.0 = Release|Any CPU
		{148254B9-8BB4-4534-8A43-AC0D5B262A1B}.Debug|Any CPU.ActiveCfg = Debug|Any CPU
		{148254B9-8BB4-4534-8A43-AC0D5B262A1B}.Debug|Any CPU.Build.0 = Debug|Any CPU
		{148254B9-8BB4-4534-8A43-AC0D5B262A1B}.Debug|x64.ActiveCfg = Debug|Any CPU
		{148254B9-8BB4-4534-8A43-AC0D5B262A1B}.Debug|x64.Build.0 = Debug|Any CPU
		{148254B9-8BB4-4534-8A43-AC0D5B262A1B}.Debug|x86.ActiveCfg = Debug|Any CPU
		{148254B9-8BB4-4534-8A43-AC0D5B262A1B}.Debug|x86.Build.0 = Debug|Any CPU
		{148254B9-8BB4-4534-8A43-AC0D5B262A1B}.Release|Any CPU.ActiveCfg = Release|Any CPU
		{148254B9-8BB4-4534-8A43-AC0D5B262A1B}.Release|Any CPU.Build.0 = Release|Any CPU
		{148254B9-8BB4-4534-8A43-AC0D5B262A1B}.Release|x64.ActiveCfg = Release|Any CPU
		{148254B9-8BB4-4534-8A43-AC0D5B262A1B}.Release|x64.Build.0 = Release|Any CPU
		{148254B9-8BB4-4534-8A43-AC0D5B262A1B}.Release|x86.ActiveCfg = Release|Any CPU
		{148254B9-8BB4-4534-8A43-AC0D5B262A1B}.Release|x86.Build.0 = Release|Any CPU
		{4C4CFE8E-E4E4-4B66-889E-D1EC009EE8A0}.Debug|Any CPU.ActiveCfg = Debug|Any CPU
		{4C4CFE8E-E4E4-4B66-889E-D1EC009EE8A0}.Debug|Any CPU.Build.0 = Debug|Any CPU
		{4C4CFE8E-E4E4-4B66-889E-D1EC009EE8A0}.Debug|x64.ActiveCfg = Debug|Any CPU
		{4C4CFE8E-E4E4-4B66-889E-D1EC009EE8A0}.Debug|x64.Build.0 = Debug|Any CPU
		{4C4CFE8E-E4E4-4B66-889E-D1EC009EE8A0}.Debug|x86.ActiveCfg = Debug|Any CPU
		{4C4CFE8E-E4E4-4B66-889E-D1EC009EE8A0}.Debug|x86.Build.0 = Debug|Any CPU
		{4C4CFE8E-E4E4-4B66-889E-D1EC009EE8A0}.Release|Any CPU.ActiveCfg = Release|Any CPU
		{4C4CFE8E-E4E4-4B66-889E-D1EC009EE8A0}.Release|Any CPU.Build.0 = Release|Any CPU
		{4C4CFE8E-E4E4-4B66-889E-D1EC009EE8A0}.Release|x64.ActiveCfg = Release|Any CPU
		{4C4CFE8E-E4E4-4B66-889E-D1EC009EE8A0}.Release|x64.Build.0 = Release|Any CPU
		{4C4CFE8E-E4E4-4B66-889E-D1EC009EE8A0}.Release|x86.ActiveCfg = Release|Any CPU
		{4C4CFE8E-E4E4-4B66-889E-D1EC009EE8A0}.Release|x86.Build.0 = Release|Any CPU
	EndGlobalSection
	GlobalSection(SolutionProperties) = preSolution
		HideSolutionNode = FALSE
	EndGlobalSection
	GlobalSection(NestedProjects) = preSolution
		{30785934-E017-5D9F-2777-3D61460A5281} = {0AB3BF05-4346-4AA6-1389-037BE0695223}
		{4C4CFE8E-E4E4-4B66-889E-D1EC009EE8A0} = {30785934-E017-5D9F-2777-3D61460A5281}
	EndGlobalSection
EndGlobal
